
Microsoft Visual Studio Solution File, Format Version 12.00
# Visual Studio Version 16
VisualStudioVersion = 16.0.31129.286
MinimumVisualStudioVersion = 10.0.40219.1
Project("{FAE04EC0-301F-11D3-BF4B-00C04F79EFBC}") = "EjercicioExtensionesExcepciones", "EjercicioExtensionesExcepciones\EjercicioExtensionesExcepciones.csproj", "{525D131A-3AC1-49CA-8282-1BC19451736E}"
EndProject
Project("{FAE04EC0-301F-11D3-BF4B-00C04F79EFBC}") = "EjercicioExtensionesExcepcionesTests", "EjercicioExtensionesExcepcionesTests\EjercicioExtensionesExcepcionesTests.csproj", "{32DC75E0-3C56-46FE-BF6C-26710B0BDE8E}"
EndProject
Global
	GlobalSection(SolutionConfigurationPlatforms) = preSolution
		Debug|Any CPU = Debug|Any CPU
		Release|Any CPU = Release|Any CPU
	EndGlobalSection
	GlobalSection(ProjectConfigurationPlatforms) = postSolution
		{525D131A-3AC1-49CA-8282-1BC19451736E}.Debug|Any CPU.ActiveCfg = Debug|Any CPU
		{525D131A-3AC1-49CA-8282-1BC19451736E}.Debug|Any CPU.Build.0 = Debug|Any CPU
		{525D131A-3AC1-49CA-8282-1BC19451736E}.Release|Any CPU.ActiveCfg = Release|Any CPU
		{525D131A-3AC1-49CA-8282-1BC19451736E}.Release|Any CPU.Build.0 = Release|Any CPU
		{32DC75E0-3C56-46FE-BF6C-26710B0BDE8E}.Debug|Any CPU.ActiveCfg = Debug|Any CPU
		{32DC75E0-3C56-46FE-BF6C-26710B0BDE8E}.Debug|Any CPU.Build.0 = Debug|Any CPU
		{32DC75E0-3C56-46FE-BF6C-26710B0BDE8E}.Release|Any CPU.ActiveCfg = Release|Any CPU
		{32DC75E0-3C56-46FE-BF6C-26710B0BDE8E}.Release|Any CPU.Build.0 = Release|Any CPU
	EndGlobalSection
	GlobalSection(SolutionProperties) = preSolution
		HideSolutionNode = FALSE
	EndGlobalSection
	GlobalSection(ExtensibilityGlobals) = postSolution
		SolutionGuid = {D34AE59F-E2ED-4713-AFC8-CCFB45FE6529}
	EndGlobalSection
EndGlobal
