
Microsoft Visual Studio Solution File, Format Version 12.00
# Visual Studio Version 16
VisualStudioVersion = 16.0.31129.286
MinimumVisualStudioVersion = 10.0.40219.1
Project("{FAE04EC0-301F-11D3-BF4B-00C04F79EFBC}") = "Lab.Practica.EF.UI", "Lab.Practica.EF.UI\Lab.Practica.EF.UI.csproj", "{C913E3CB-EDB4-4190-BCC5-2095A523259D}"
EndProject
Project("{FAE04EC0-301F-11D3-BF4B-00C04F79EFBC}") = "Lab.Practica.EF.Data", "Lab.Practica.EF.Data\Lab.Practica.EF.Data.csproj", "{1A95C88C-2132-4051-8534-36E99B78F66C}"
EndProject
Project("{FAE04EC0-301F-11D3-BF4B-00C04F79EFBC}") = "Lab.Practica.EF.Entities", "Lab.Practica.EF.Entities\Lab.Practica.EF.Entities.csproj", "{0AD43AC5-540F-4EF6-B016-628BA929D52E}"
EndProject
Project("{FAE04EC0-301F-11D3-BF4B-00C04F79EFBC}") = "Lab.Practica.EF.Logic", "Lab.Practica.EF.Logic\Lab.Practica.EF.Logic.csproj", "{A66B8805-65A6-427E-B4EB-83ABFB70AE67}"
EndProject
Global
	GlobalSection(SolutionConfigurationPlatforms) = preSolution
		Debug|Any CPU = Debug|Any CPU
		Release|Any CPU = Release|Any CPU
	EndGlobalSection
	GlobalSection(ProjectConfigurationPlatforms) = postSolution
		{C913E3CB-EDB4-4190-BCC5-2095A523259D}.Debug|Any CPU.ActiveCfg = Debug|Any CPU
		{C913E3CB-EDB4-4190-BCC5-2095A523259D}.Debug|Any CPU.Build.0 = Debug|Any CPU
		{C913E3CB-EDB4-4190-BCC5-2095A523259D}.Release|Any CPU.ActiveCfg = Release|Any CPU
		{C913E3CB-EDB4-4190-BCC5-2095A523259D}.Release|Any CPU.Build.0 = Release|Any CPU
		{1A95C88C-2132-4051-8534-36E99B78F66C}.Debug|Any CPU.ActiveCfg = Debug|Any CPU
		{1A95C88C-2132-4051-8534-36E99B78F66C}.Debug|Any CPU.Build.0 = Debug|Any CPU
		{1A95C88C-2132-4051-8534-36E99B78F66C}.Release|Any CPU.ActiveCfg = Release|Any CPU
		{1A95C88C-2132-4051-8534-36E99B78F66C}.Release|Any CPU.Build.0 = Release|Any CPU
		{0AD43AC5-540F-4EF6-B016-628BA929D52E}.Debug|Any CPU.ActiveCfg = Debug|Any CPU
		{0AD43AC5-540F-4EF6-B016-628BA929D52E}.Debug|Any CPU.Build.0 = Debug|Any CPU
		{0AD43AC5-540F-4EF6-B016-628BA929D52E}.Release|Any CPU.ActiveCfg = Release|Any CPU
		{0AD43AC5-540F-4EF6-B016-628BA929D52E}.Release|Any CPU.Build.0 = Release|Any CPU
		{A66B8805-65A6-427E-B4EB-83ABFB70AE67}.Debug|Any CPU.ActiveCfg = Debug|Any CPU
		{A66B8805-65A6-427E-B4EB-83ABFB70AE67}.Debug|Any CPU.Build.0 = Debug|Any CPU
		{A66B8805-65A6-427E-B4EB-83ABFB70AE67}.Release|Any CPU.ActiveCfg = Release|Any CPU
		{A66B8805-65A6-427E-B4EB-83ABFB70AE67}.Release|Any CPU.Build.0 = Release|Any CPU
	EndGlobalSection
	GlobalSection(SolutionProperties) = preSolution
		HideSolutionNode = FALSE
	EndGlobalSection
	GlobalSection(ExtensibilityGlobals) = postSolution
		SolutionGuid = {E415ECF4-CD65-48E5-9577-F1ECFB4D948D}
	EndGlobalSection
EndGlobal
